{
  "requires": true,
  "lockfileVersion": 1,
  "dependencies": {
    "@types/node": {
      "version": "12.7.8",
      "resolved": "https://registry.npm.taobao.org/@types/node/download/@types/node-12.7.8.tgz?cache=0&sync_timestamp=1569453199308&other_urls=https%3A%2F%2Fregistry.npm.taobao.org%2F%40types%2Fnode%2Fdownload%2F%40types%2Fnode-12.7.8.tgz",
      "integrity": "sha1-yxv2gAI4iYvC/2/6VwLDyt01Bwg="
    }
  }
}
